
Microsoft Visual Studio Solution File, Format Version 12.00
# Visual Studio Version 17
VisualStudioVersion = 17.0.31903.59
MinimumVisualStudioVersion = 10.0.40219.1
Project("{2150E333-8FDC-42A3-9474-1A3956D46DE8}") = "src", "src", "{827E0CD3-B72D-47B6-A68D-7590B98EB39B}"
EndProject
Project("{FAE04EC0-301F-11D3-BF4B-00C04F79EFBC}") = "PlaylistBridge.Core", "src\PlaylistBridge.Core\PlaylistBridge.Core.csproj", "{505C2243-56F0-4E8F-956B-4963CEA3DD9E}"
EndProject
Project("{FAE04EC0-301F-11D3-BF4B-00C04F79EFBC}") = "PlaylistBridge.Providers", "src\PlaylistBridge.Providers\PlaylistBridge.Providers.csproj", "{34A87805-6371-46B9-867B-56CD58D2C9C0}"
EndProject
Project("{FAE04EC0-301F-11D3-BF4B-00C04F79EFBC}") = "PlaylistBridge.Cli", "src\PlaylistBridge.Cli\PlaylistBridge.Cli.csproj", "{C7FFFA2A-5C82-4D1F-B2F0-B65F977B2657}"
EndProject
Project("{2150E333-8FDC-42A3-9474-1A3956D46DE8}") = "tests", "tests", "{0AB3BF05-4346-4AA6-1389-037BE0695223}"
EndProject
Project("{FAE04EC0-301F-11D3-BF4B-00C04F79EFBC}") = "PlaylistBridge.Core.Tests", "tests\PlaylistBridge.Core.Tests\PlaylistBridge.Core.Tests.csproj", "{7539F6CA-F4E9-4718-BE1B-BA7B7494A006}"
EndProject
Project("{FAE04EC0-301F-11D3-BF4B-00C04F79EFBC}") = "PlaylistBridge.Web", "src\PlaylistBridge.Web\PlaylistBridge.Web.csproj", "{3A6E711A-7294-4498-9B59-499DCD3F7032}"
EndProject
Global
	GlobalSection(SolutionConfigurationPlatforms) = preSolution
		Debug|Any CPU = Debug|Any CPU
		Debug|x64 = Debug|x64
		Debug|x86 = Debug|x86
		Release|Any CPU = Release|Any CPU
		Release|x64 = Release|x64
		Release|x86 = Release|x86
	EndGlobalSection
	GlobalSection(ProjectConfigurationPlatforms) = postSolution
		{505C2243-56F0-4E8F-956B-4963CEA3DD9E}.Debug|Any CPU.ActiveCfg = Debug|Any CPU
		{505C2243-56F0-4E8F-956B-4963CEA3DD9E}.Debug|Any CPU.Build.0 = Debug|Any CPU
		{505C2243-56F0-4E8F-956B-4963CEA3DD9E}.Debug|x64.ActiveCfg = Debug|Any CPU
		{505C2243-56F0-4E8F-956B-4963CEA3DD9E}.Debug|x64.Build.0 = Debug|Any CPU
		{505C2243-56F0-4E8F-956B-4963CEA3DD9E}.Debug|x86.ActiveCfg = Debug|Any CPU
		{505C2243-56F0-4E8F-956B-4963CEA3DD9E}.Debug|x86.Build.0 = Debug|Any CPU
		{505C2243-56F0-4E8F-956B-4963CEA3DD9E}.Release|Any CPU.ActiveCfg = Release|Any CPU
		{505C2243-56F0-4E8F-956B-4963CEA3DD9E}.Release|Any CPU.Build.0 = Release|Any CPU
		{505C2243-56F0-4E8F-956B-4963CEA3DD9E}.Release|x64.ActiveCfg = Release|Any CPU
		{505C2243-56F0-4E8F-956B-4963CEA3DD9E}.Release|x64.Build.0 = Release|Any CPU
		{505C2243-56F0-4E8F-956B-4963CEA3DD9E}.Release|x86.ActiveCfg = Release|Any CPU
		{505C2243-56F0-4E8F-956B-4963CEA3DD9E}.Release|x86.Build.0 = Release|Any CPU
		{34A87805-6371-46B9-867B-56CD58D2C9C0}.Debug|Any CPU.ActiveCfg = Debug|Any CPU
		{34A87805-6371-46B9-867B-56CD58D2C9C0}.Debug|Any CPU.Build.0 = Debug|Any CPU
		{34A87805-6371-46B9-867B-56CD58D2C9C0}.Debug|x64.ActiveCfg = Debug|Any CPU
		{34A87805-6371-46B9-867B-56CD58D2C9C0}.Debug|x64.Build.0 = Debug|Any CPU
		{34A87805-6371-46B9-867B-56CD58D2C9C0}.Debug|x86.ActiveCfg = Debug|Any CPU
		{34A87805-6371-46B9-867B-56CD58D2C9C0}.Debug|x86.Build.0 = Debug|Any CPU
		{34A87805-6371-46B9-867B-56CD58D2C9C0}.Release|Any CPU.ActiveCfg = Release|Any CPU
		{34A87805-6371-46B9-867B-56CD58D2C9C0}.Release|Any CPU.Build.0 = Release|Any CPU
		{34A87805-6371-46B9-867B-56CD58D2C9C0}.Release|x64.ActiveCfg = Release|Any CPU
		{34A87805-6371-46B9-867B-56CD58D2C9C0}.Release|x64.Build.0 = Release|Any CPU
		{34A87805-6371-46B9-867B-56CD58D2C9C0}.Release|x86.ActiveCfg = Release|Any CPU
		{34A87805-6371-46B9-867B-56CD58D2C9C0}.Release|x86.Build.0 = Release|Any CPU
		{C7FFFA2A-5C82-4D1F-B2F0-B65F977B2657}.Debug|Any CPU.ActiveCfg = Debug|Any CPU
		{C7FFFA2A-5C82-4D1F-B2F0-B65F977B2657}.Debug|Any CPU.Build.0 = Debug|Any CPU
		{C7FFFA2A-5C82-4D1F-B2F0-B65F977B2657}.Debug|x64.ActiveCfg = Debug|Any CPU
		{C7FFFA2A-5C82-4D1F-B2F0-B65F977B2657}.Debug|x64.Build.0 = Debug|Any CPU
		{C7FFFA2A-5C82-4D1F-B2F0-B65F977B2657}.Debug|x86.ActiveCfg = Debug|Any CPU
		{C7FFFA2A-5C82-4D1F-B2F0-B65F977B2657}.Debug|x86.Build.0 = Debug|Any CPU
		{C7FFFA2A-5C82-4D1F-B2F0-B65F977B2657}.Release|Any CPU.ActiveCfg = Release|Any CPU
		{C7FFFA2A-5C82-4D1F-B2F0-B65F977B2657}.Release|Any CPU.Build.0 = Release|Any CPU
		{C7FFFA2A-5C82-4D1F-B2F0-B65F977B2657}.Release|x64.ActiveCfg = Release|Any CPU
		{C7FFFA2A-5C82-4D1F-B2F0-B65F977B2657}.Release|x64.Build.0 = Release|Any CPU
		{C7FFFA2A-5C82-4D1F-B2F0-B65F977B2657}.Release|x86.ActiveCfg = Release|Any CPU
		{C7FFFA2A-5C82-4D1F-B2F0-B65F977B2657}.Release|x86.Build.0 = Release|Any CPU
		{7539F6CA-F4E9-4718-BE1B-BA7B7494A006}.Debug|Any CPU.ActiveCfg = Debug|Any CPU
		{7539F6CA-F4E9-4718-BE1B-BA7B7494A006}.Debug|Any CPU.Build.0 = Debug|Any CPU
		{7539F6CA-F4E9-4718-BE1B-BA7B7494A006}.Debug|x64.ActiveCfg = Debug|Any CPU
		{7539F6CA-F4E9-4718-BE1B-BA7B7494A006}.Debug|x64.Build.0 = Debug|Any CPU
		{7539F6CA-F4E9-4718-BE1B-BA7B7494A006}.Debug|x86.ActiveCfg = Debug|Any CPU
		{7539F6CA-F4E9-4718-BE1B-BA7B7494A006}.Debug|x86.Build.0 = Debug|Any CPU
		{7539F6CA-F4E9-4718-BE1B-BA7B7494A006}.Release|Any CPU.ActiveCfg = Release|Any CPU
		{7539F6CA-F4E9-4718-BE1B-BA7B7494A006}.Release|Any CPU.Build.0 = Release|Any CPU
		{7539F6CA-F4E9-4718-BE1B-BA7B7494A006}.Release|x64.ActiveCfg = Release|Any CPU
		{7539F6CA-F4E9-4718-BE1B-BA7B7494A006}.Release|x64.Build.0 = Release|Any CPU
		{7539F6CA-F4E9-4718-BE1B-BA7B7494A006}.Release|x86.ActiveCfg = Release|Any CPU
		{7539F6CA-F4E9-4718-BE1B-BA7B7494A006}.Release|x86.Build.0 = Release|Any CPU
		{3A6E711A-7294-4498-9B59-499DCD3F7032}.Debug|Any CPU.ActiveCfg = Debug|Any CPU
		{3A6E711A-7294-4498-9B59-499DCD3F7032}.Debug|Any CPU.Build.0 = Debug|Any CPU
		{3A6E711A-7294-4498-9B59-499DCD3F7032}.Debug|x64.ActiveCfg = Debug|Any CPU
		{3A6E711A-7294-4498-9B59-499DCD3F7032}.Debug|x64.Build.0 = Debug|Any CPU
		{3A6E711A-7294-4498-9B59-499DCD3F7032}.Debug|x86.ActiveCfg = Debug|Any CPU
		{3A6E711A-7294-4498-9B59-499DCD3F7032}.Debug|x86.Build.0 = Debug|Any CPU
		{3A6E711A-7294-4498-9B59-499DCD3F7032}.Release|Any CPU.ActiveCfg = Release|Any CPU
		{3A6E711A-7294-4498-9B59-499DCD3F7032}.Release|Any CPU.Build.0 = Release|Any CPU
		{3A6E711A-7294-4498-9B59-499DCD3F7032}.Release|x64.ActiveCfg = Release|Any CPU
		{3A6E711A-7294-4498-9B59-499DCD3F7032}.Release|x64.Build.0 = Release|Any CPU
		{3A6E711A-7294-4498-9B59-499DCD3F7032}.Release|x86.ActiveCfg = Release|Any CPU
		{3A6E711A-7294-4498-9B59-499DCD3F7032}.Release|x86.Build.0 = Release|Any CPU
	EndGlobalSection
	GlobalSection(SolutionProperties) = preSolution
		HideSolutionNode = FALSE
	EndGlobalSection
	GlobalSection(NestedProjects) = preSolution
		{505C2243-56F0-4E8F-956B-4963CEA3DD9E} = {827E0CD3-B72D-47B6-A68D-7590B98EB39B}
		{34A87805-6371-46B9-867B-56CD58D2C9C0} = {827E0CD3-B72D-47B6-A68D-7590B98EB39B}
		{C7FFFA2A-5C82-4D1F-B2F0-B65F977B2657} = {827E0CD3-B72D-47B6-A68D-7590B98EB39B}
		{7539F6CA-F4E9-4718-BE1B-BA7B7494A006} = {0AB3BF05-4346-4AA6-1389-037BE0695223}
		{3A6E711A-7294-4498-9B59-499DCD3F7032} = {827E0CD3-B72D-47B6-A68D-7590B98EB39B}
	EndGlobalSection
EndGlobal
